// !$*UTF8*$!
{
	archiveVersion = 1;
	classes = {
	};
	objectVersion = 56;
	objects = {

/* Begin PBXBuildFile section */
		D673F1F72A8FE6D7006AE8B6 /* AppDelegate.swift in Sources */ = {isa = PBXBuildFile; fileRef = D673F1F62A8FE6D7006AE8B6 /* AppDelegate.swift */; };
		D673F1F92A8FE6D7006AE8B6 /* SceneDelegate.swift in Sources */ = {isa = PBXBuildFile; fileRef = D673F1F82A8FE6D7006AE8B6 /* SceneDelegate.swift */; };
		D673F1FB2A8FE6D7006AE8B6 /* MainViewController.swift in Sources */ = {isa = PBXBuildFile; fileRef = D673F1FA2A8FE6D7006AE8B6 /* MainViewController.swift */; };
		D673F1FE2A8FE6D7006AE8B6 /* Main.storyboard in Resources */ = {isa = PBXBuildFile; fileRef = D673F1FC2A8FE6D7006AE8B6 /* Main.storyboard */; };
		D673F2002A8FE6D9006AE8B6 /* Assets.xcassets in Resources */ = {isa = PBXBuildFile; fileRef = D673F1FF2A8FE6D9006AE8B6 /* Assets.xcassets */; };
		D673F2032A8FE6D9006AE8B6 /* LaunchScreen.storyboard in Resources */ = {isa = PBXBuildFile; fileRef = D673F2012A8FE6D9006AE8B6 /* LaunchScreen.storyboard */; };
		D673F20E2A8FE762006AE8B6 /* Color.swift in Sources */ = {isa = PBXBuildFile; fileRef = D673F20D2A8FE762006AE8B6 /* Color.swift */; };
		D673F2122A8FF85D006AE8B6 /* SettingsViewController.swift in Sources */ = {isa = PBXBuildFile; fileRef = D673F2112A8FF85D006AE8B6 /* SettingsViewController.swift */; };
/* End PBXBuildFile section */

/* Begin PBXFileReference section */
		D673F1F32A8FE6D7006AE8B6 /* ColorizingApp.app */ = {isa = PBXFileReference; explicitFileType = wrapper.application; includeInIndex = 0; path = ColorizingApp.app; sourceTree = BUILT_PRODUCTS_DIR; };
		D673F1F62A8FE6D7006AE8B6 /* AppDelegate.swift */ = {isa = PBXFileReference; lastKnownFileType = sourcecode.swift; path = AppDelegate.swift; sourceTree = "<group>"; };
		D673F1F82A8FE6D7006AE8B6 /* SceneDelegate.swift */ = {isa = PBXFileReference; lastKnownFileType = sourcecode.swift; path = SceneDelegate.swift; sourceTree = "<group>"; };
		D673F1FA2A8FE6D7006AE8B6 /* MainViewController.swift */ = {isa = PBXFileReference; lastKnownFileType = sourcecode.swift; path = MainViewController.swift; sourceTree = "<group>"; };
		D673F1FD2A8FE6D7006AE8B6 /* Base */ = {isa = PBXFileReference; lastKnownFileType = file.storyboard; name = Base; path = Base.lproj/Main.storyboard; sourceTree = "<group>"; };
		D673F1FF2A8FE6D9006AE8B6 /* Assets.xcassets */ = {isa = PBXFileReference; lastKnownFileType = folder.assetcatalog; path = Assets.xcassets; sourceTree = "<group>"; };
		D673F2022A8FE6D9006AE8B6 /* Base */ = {isa = PBXFileReference; lastKnownFileType = file.storyboard; name = Base; path = Base.lproj/LaunchScreen.storyboard; sourceTree = "<group>"; };
		D673F2042A8FE6D9006AE8B6 /* Info.plist */ = {isa = PBXFileReference; lastKnownFileType = text.plist.xml; path = Info.plist; sourceTree = "<group>"; };
		D673F20D2A8FE762006AE8B6 /* Color.swift */ = {isa = PBXFileReference; lastKnownFileType = sourcecode.swift; path = Color.swift; sourceTree = "<group>"; };
		D673F2112A8FF85D006AE8B6 /* SettingsViewController.swift */ = {isa = PBXFileReference; lastKnownFileType = sourcecode.swift; path = SettingsViewController.swift; sourceTree = "<group>"; };
/* End PBXFileReference section */

/* Begin PBXFrameworksBuildPhase section */
		D673F1F02A8FE6D7006AE8B6 /* Frameworks */ = {
			isa = PBXFrameworksBuildPhase;
			buildActionMask = 2147483647;
			files = (
			);
			runOnlyForDeploymentPostprocessing = 0;
		};
/* End PBXFrameworksBuildPhase section */

/* Begin PBXGroup section */
		D673F1EA2A8FE6D7006AE8B6 = {
			isa = PBXGroup;
			children = (
				D673F1F52A8FE6D7006AE8B6 /* ColorizingApp */,
				D673F1F42A8FE6D7006AE8B6 /* Products */,
			);
			sourceTree = "<group>";
		};
		D673F1F42A8FE6D7006AE8B6 /* Products */ = {
			isa = PBXGroup;
			children = (
				D673F1F32A8FE6D7006AE8B6 /* ColorizingApp.app */,
			);
			name = Products;
			sourceTree = "<group>";
		};
		D673F1F52A8FE6D7006AE8B6 /* ColorizingApp */ = {
			isa = PBXGroup;
			children = (
				D673F20C2A8FE744006AE8B6 /* ViewControllers */,
				D673F20F2A8FE767006AE8B6 /* Models */,
				D673F20A2A8FE71E006AE8B6 /* Storyboards */,
				D673F2102A8FE776006AE8B6 /* App */,
				D673F20B2A8FE734006AE8B6 /* Resources */,
			);
			path = ColorizingApp;
			sourceTree = "<group>";
		};
		D673F20A2A8FE71E006AE8B6 /* Storyboards */ = {
			isa = PBXGroup;
			children = (
				D673F1FC2A8FE6D7006AE8B6 /* Main.storyboard */,
				D673F2012A8FE6D9006AE8B6 /* LaunchScreen.storyboard */,
			);
			path = Storyboards;
			sourceTree = "<group>";
		};
		D673F20B2A8FE734006AE8B6 /* Resources */ = {
			isa = PBXGroup;
			children = (
				D673F1FF2A8FE6D9006AE8B6 /* Assets.xcassets */,
			);
			path = Resources;
			sourceTree = "<group>";
		};
		D673F20C2A8FE744006AE8B6 /* ViewControllers */ = {
			isa = PBXGroup;
			children = (
				D673F1FA2A8FE6D7006AE8B6 /* MainViewController.swift */,
				D673F2112A8FF85D006AE8B6 /* SettingsViewController.swift */,
			);
			path = ViewControllers;
			sourceTree = "<group>";
		};
		D673F20F2A8FE767006AE8B6 /* Models */ = {
			isa = PBXGroup;
			children = (
				D673F20D2A8FE762006AE8B6 /* Color.swift */,
			);
			path = Models;
			sourceTree = "<group>";
		};
		D673F2102A8FE776006AE8B6 /* App */ = {
			isa = PBXGroup;
			children = (
				D673F1F62A8FE6D7006AE8B6 /* AppDelegate.swift */,
				D673F1F82A8FE6D7006AE8B6 /* SceneDelegate.swift */,
				D673F2042A8FE6D9006AE8B6 /* Info.plist */,
			);
			path = App;
			sourceTree = "<group>";
		};
/* End PBXGroup section */

/* Begin PBXNativeTarget section */
		D673F1F22A8FE6D7006AE8B6 /* ColorizingApp */ = {
			isa = PBXNativeTarget;
			buildConfigurationList = D673F2072A8FE6D9006AE8B6 /* Build configuration list for PBXNativeTarget "ColorizingApp" */;
			buildPhases = (
				D673F1EF2A8FE6D7006AE8B6 /* Sources */,
				D673F1F02A8FE6D7006AE8B6 /* Frameworks */,
				D673F1F12A8FE6D7006AE8B6 /* Resources */,
			);
			buildRules = (
			);
			dependencies = (
			);
			name = ColorizingApp;
			productName = ColorizingApp;
			productReference = D673F1F32A8FE6D7006AE8B6 /* ColorizingApp.app */;
			productType = "com.apple.product-type.application";
		};
/* End PBXNativeTarget section */

/* Begin PBXProject section */
		D673F1EB2A8FE6D7006AE8B6 /* Project object */ = {
			isa = PBXProject;
			attributes = {
				BuildIndependentTargetsInParallel = 1;
				LastSwiftUpdateCheck = 1500;
				LastUpgradeCheck = 1500;
				TargetAttributes = {
					D673F1F22A8FE6D7006AE8B6 = {
						CreatedOnToolsVersion = 15.0;
					};
				};
			};
			buildConfigurationList = D673F1EE2A8FE6D7006AE8B6 /* Build configuration list for PBXProject "ColorizingApp" */;
			compatibilityVersion = "Xcode 14.0";
			developmentRegion = en;
			hasScannedForEncodings = 0;
			knownRegions = (
				en,
				Base,
			);
			mainGroup = D673F1EA2A8FE6D7006AE8B6;
			productRefGroup = D673F1F42A8FE6D7006AE8B6 /* Products */;
			projectDirPath = "";
			projectRoot = "";
			targets = (
				D673F1F22A8FE6D7006AE8B6 /* ColorizingApp */,
			);
		};
/* End PBXProject section */

/* Begin PBXResourcesBuildPhase section */
		D673F1F12A8FE6D7006AE8B6 /* Resources */ = {
			isa = PBXResourcesBuildPhase;
			buildActionMask = 2147483647;
			files = (
				D673F2032A8FE6D9006AE8B6 /* LaunchScreen.storyboard in Resources */,
				D673F2002A8FE6D9006AE8B6 /* Assets.xcassets in Resources */,
				D673F1FE2A8FE6D7006AE8B6 /* Main.storyboard in Resources */,
			);
			runOnlyForDeploymentPostprocessing = 0;
		};
/* End PBXResourcesBuildPhase section */

/* Begin PBXSourcesBuildPhase section */
		D673F1EF2A8FE6D7006AE8B6 /* Sources */ = {
			isa = PBXSourcesBuildPhase;
			buildActionMask = 2147483647;
			files = (
				D673F1FB2A8FE6D7006AE8B6 /* MainViewController.swift in Sources */,
				D673F20E2A8FE762006AE8B6 /* Color.swift in Sources */,
				D673F1F72A8FE6D7006AE8B6 /* AppDelegate.swift in Sources */,
				D673F2122A8FF85D006AE8B6 /* SettingsViewController.swift in Sources */,
				D673F1F92A8FE6D7006AE8B6 /* SceneDelegate.swift in Sources */,
			);
			runOnlyForDeploymentPostprocessing = 0;
		};
/* End PBXSourcesBuildPhase section */

/* Begin PBXVariantGroup section */
		D673F1FC2A8FE6D7006AE8B6 /* Main.storyboard */ = {
			isa = PBXVariantGroup;
			children = (
				D673F1FD2A8FE6D7006AE8B6 /* Base */,
			);
			name = Main.storyboard;
			sourceTree = "<group>";
		};
		D673F2012A8FE6D9006AE8B6 /* LaunchScreen.storyboard */ = {
			isa = PBXVariantGroup;
			children = (
				D673F2022A8FE6D9006AE8B6 /* Base */,
			);
			name = LaunchScreen.storyboard;
			sourceTree = "<group>";
		};
/* End PBXVariantGroup section */

/* Begin XCBuildConfiguration section */
		D673F2052A8FE6D9006AE8B6 /* Debug */ = {
			isa = XCBuildConfiguration;
			buildSettings = {
				ALWAYS_SEARCH_USER_PATHS = NO;
				ASSETCATALOG_COMPILER_GENERATE_SWIFT_ASSET_SYMBOL_EXTENSIONS = YES;
				CLANG_ANALYZER_NONNULL = YES;
				CLANG_ANALYZER_NUMBER_OBJECT_CONVERSION = YES_AGGRESSIVE;
				CLANG_CXX_LANGUAGE_STANDARD = "gnu++20";
				CLANG_ENABLE_MODULES = YES;
				CLANG_ENABLE_OBJC_ARC = YES;
				CLANG_ENABLE_OBJC_WEAK = YES;
				CLANG_WARN_BLOCK_CAPTURE_AUTORELEASING = YES;
				CLANG_WARN_BOOL_CONVERSION = YES;
				CLANG_WARN_COMMA = YES;
				CLANG_WARN_CONSTANT_CONVERSION = YES;
				CLANG_WARN_DEPRECATED_OBJC_IMPLEMENTATIONS = YES;
				CLANG_WARN_DIRECT_OBJC_ISA_USAGE = YES_ERROR;
				CLANG_WARN_DOCUMENTATION_COMMENTS = YES;
				CLANG_WARN_EMPTY_BODY = YES;
				CLANG_WARN_ENUM_CONVERSION = YES;
				CLANG_WARN_INFINITE_RECURSION = YES;
				CLANG_WARN_INT_CONVERSION = YES;
				CLANG_WARN_NON_LITERAL_NULL_CONVERSION = YES;
				CLANG_WARN_OBJC_IMPLICIT_RETAIN_SELF = YES;
				CLANG_WARN_OBJC_LITERAL_CONVERSION = YES;
				CLANG_WARN_OBJC_ROOT_CLASS = YES_ERROR;
				CLANG_WARN_QUOTED_INCLUDE_IN_FRAMEWORK_HEADER = YES;
				CLANG_WARN_RANGE_LOOP_ANALYSIS = YES;
				CLANG_WARN_STRICT_PROTOTYPES = YES;
				CLANG_WARN_SUSPICIOUS_MOVE = YES;
				CLANG_WARN_UNGUARDED_AVAILABILITY = YES_AGGRESSIVE;
				CLANG_WARN_UNREACHABLE_CODE = YES;
				CLANG_WARN__DUPLICATE_METHOD_MATCH = YES;
				COPY_PHASE_STRIP = NO;
				DEBUG_INFORMATION_FORMAT = dwarf;
				ENABLE_STRICT_OBJC_MSGSEND = YES;
				ENABLE_TESTABILITY = YES;
				ENABLE_USER_SCRIPT_SANDBOXING = YES;
				GCC_C_LANGUAGE_STANDARD = gnu17;
				GCC_DYNAMIC_NO_PIC = NO;
				GCC_NO_COMMON_BLOCKS = YES;
				GCC_OPTIMIZATION_LEVEL = 0;
				GCC_PREPROCESSOR_DEFINITIONS = (
					"DEBUG=1",
					"$(inherited)",
				);
				GCC_WARN_64_TO_32_BIT_CONVERSION = YES;
				GCC_WARN_ABOUT_RETURN_TYPE = YES_ERROR;
				GCC_WARN_UNDECLARED_SELECTOR = YES;
				GCC_WARN_UNINITIALIZED_AUTOS = YES_AGGRESSIVE;
				GCC_WARN_UNUSED_FUNCTION = YES;
				GCC_WARN_UNUSED_VARIABLE = YES;
				IPHONEOS_DEPLOYMENT_TARGET = 17.0;
				LOCALIZATION_PREFERS_STRING_CATALOGS = YES;
				MTL_ENABLE_DEBUG_INFO = INCLUDE_SOURCE;
				MTL_FAST_MATH = YES;
				ONLY_ACTIVE_ARCH = YES;
				SDKROOT = iphoneos;
				SWIFT_ACTIVE_COMPILATION_CONDITIONS = "DEBUG $(inherited)";
				SWIFT_OPTIMIZATION_LEVEL = "-Onone";
			};
			name = Debug;
		};
		D673F2062A8FE6D9006AE8B6 /* Release */ = {
			isa = XCBuildConfiguration;
			buildSettings = {
				ALWAYS_SEARCH_USER_PATHS = NO;
				ASSETCATALOG_COMPILER_GENERATE_SWIFT_ASSET_SYMBOL_EXTENSIONS = YES;
				CLANG_ANALYZER_NONNULL = YES;
				CLANG_ANALYZER_NUMBER_OBJECT_CONVERSION = YES_AGGRESSIVE;
				CLANG_CXX_LANGUAGE_STANDARD = "gnu++20";
				CLANG_ENABLE_MODULES = YES;
				CLANG_ENABLE_OBJC_ARC = YES;
				CLANG_ENABLE_OBJC_WEAK = YES;
				CLANG_WARN_BLOCK_CAPTURE_AUTORELEASING = YES;
				CLANG_WARN_BOOL_CONVERSION = YES;
				CLANG_WARN_COMMA = YES;
				CLANG_WARN_CONSTANT_CONVERSION = YES;
				CLANG_WARN_DEPRECATED_OBJC_IMPLEMENTATIONS = YES;
				CLANG_WARN_DIRECT_OBJC_ISA_USAGE = YES_ERROR;
				CLANG_WARN_DOCUMENTATION_COMMENTS = YES;
				CLANG_WARN_EMPTY_BODY = YES;
				CLANG_WARN_ENUM_CONVERSION = YES;
				CLANG_WARN_INFINITE_RECURSION = YES;
				CLANG_WARN_INT_CONVERSION = YES;
				CLANG_WARN_NON_LITERAL_NULL_CONVERSION = YES;
				CLANG_WARN_OBJC_IMPLICIT_RETAIN_SELF = YES;
				CLANG_WARN_OBJC_LITERAL_CONVERSION = YES;
				CLANG_WARN_OBJC_ROOT_CLASS = YES_ERROR;
				CLANG_WARN_QUOTED_INCLUDE_IN_FRAMEWORK_HEADER = YES;
				CLANG_WARN_RANGE_LOOP_ANALYSIS = YES;
				CLANG_WARN_STRICT_PROTOTYPES = YES;
				CLANG_WARN_SUSPICIOUS_MOVE = YES;
				CLANG_WARN_UNGUARDED_AVAILABILITY = YES_AGGRESSIVE;
				CLANG_WARN_UNREACHABLE_CODE = YES;
				CLANG_WARN__DUPLICATE_METHOD_MATCH = YES;
				COPY_PHASE_STRIP = NO;
				DEBUG_INFORMATION_FORMAT = "dwarf-with-dsym";
				ENABLE_NS_ASSERTIONS = NO;
				ENABLE_STRICT_OBJC_MSGSEND = YES;
				ENABLE_USER_SCRIPT_SANDBOXING = YES;
				GCC_C_LANGUAGE_STANDARD = gnu17;
				GCC_NO_COMMON_BLOCKS = YES;
				GCC_WARN_64_TO_32_BIT_CONVERSION = YES;
				GCC_WARN_ABOUT_RETURN_TYPE = YES_ERROR;
				GCC_WARN_UNDECLARED_SELECTOR = YES;
				GCC_WARN_UNINITIALIZED_AUTOS = YES_AGGRESSIVE;
				GCC_WARN_UNUSED_FUNCTION = YES;
				GCC_WARN_UNUSED_VARIABLE = YES;
				IPHONEOS_DEPLOYMENT_TARGET = 17.0;
				LOCALIZATION_PREFERS_STRING_CATALOGS = YES;
				MTL_ENABLE_DEBUG_INFO = NO;
				MTL_FAST_MATH = YES;
				SDKROOT = iphoneos;
				SWIFT_COMPILATION_MODE = wholemodule;
				VALIDATE_PRODUCT = YES;
			};
			name = Release;
		};
		D673F2082A8FE6D9006AE8B6 /* Debug */ = {
			isa = XCBuildConfiguration;
			buildSettings = {
				ASSETCATALOG_COMPILER_APPICON_NAME = AppIcon;
				ASSETCATALOG_COMPILER_GLOBAL_ACCENT_COLOR_NAME = AccentColor;
				CODE_SIGN_STYLE = Automatic;
				CURRENT_PROJECT_VERSION = 1;
				DEVELOPMENT_TEAM = YZ59UG65M4;
				GENERATE_INFOPLIST_FILE = YES;
				INFOPLIST_FILE = ColorizingApp/App/Info.plist;
				INFOPLIST_KEY_UIApplicationSupportsIndirectInputEvents = YES;
				INFOPLIST_KEY_UILaunchStoryboardName = LaunchScreen;
				INFOPLIST_KEY_UIMainStoryboardFile = Main;
				INFOPLIST_KEY_UISupportedInterfaceOrientations = UIInterfaceOrientationPortrait;
				INFOPLIST_KEY_UISupportedInterfaceOrientations_iPad = "UIInterfaceOrientationLandscapeLeft UIInterfaceOrientationLandscapeRight UIInterfaceOrientationPortrait UIInterfaceOrientationPortraitUpsideDown";
				IPHONEOS_DEPLOYMENT_TARGET = 15.0;
				LD_RUNPATH_SEARCH_PATHS = (
					"$(inherited)",
					"@executable_path/Frameworks",
				);
				MARKETING_VERSION = 1.0;
				PRODUCT_BUNDLE_IDENTIFIER = ColorizingAppV2.0.0.ColorizingApp;
				PRODUCT_NAME = "$(TARGET_NAME)";
				SUPPORTED_PLATFORMS = "iphoneos iphonesimulator";
				SUPPORTS_MACCATALYST = NO;
				SUPPORTS_MAC_DESIGNED_FOR_IPHONE_IPAD = NO;
				SUPPORTS_XR_DESIGNED_FOR_IPHONE_IPAD = NO;
				SWIFT_EMIT_LOC_STRINGS = YES;
				SWIFT_VERSION = 5.0;
				TARGETED_DEVICE_FAMILY = 1;
			};
			name = Debug;
		};
		D673F2092A8FE6D9006AE8B6 /* Release */ = {
			isa = XCBuildConfiguration;
			buildSettings = {
				ASSETCATALOG_COMPILER_APPICON_NAME = AppIcon;
				ASSETCATALOG_COMPILER_GLOBAL_ACCENT_COLOR_NAME = AccentColor;
				CODE_SIGN_STYLE = Automatic;
				CURRENT_PROJECT_VERSION = 1;
				DEVELOPMENT_TEAM = YZ59UG65M4;
				GENERATE_INFOPLIST_FILE = YES;
				INFOPLIST_FILE = ColorizingApp/App/Info.plist;
				INFOPLIST_KEY_UIApplicationSupportsIndirectInputEvents = YES;
				INFOPLIST_KEY_UILaunchStoryboardName = LaunchScreen;
				INFOPLIST_KEY_UIMainStoryboardFile = Main;
				INFOPLIST_KEY_UISupportedInterfaceOrientations = UIInterfaceOrientationPortrait;
				INFOPLIST_KEY_UISupportedInterfaceOrientations_iPad = "UIInterfaceOrientationLandscapeLeft UIInterfaceOrientationLandscapeRight UIInterfaceOrientationPortrait UIInterfaceOrientationPortraitUpsideDown";
				IPHONEOS_DEPLOYMENT_TARGET = 15.0;
				LD_RUNPATH_SEARCH_PATHS = (
					"$(inherited)",
					"@executable_path/Frameworks",
				);
				MARKETING_VERSION = 1.0;
				PRODUCT_BUNDLE_IDENTIFIER = ColorizingAppV2.0.0.ColorizingApp;
				PRODUCT_NAME = "$(TARGET_NAME)";
				SUPPORTED_PLATFORMS = "iphoneos iphonesimulator";
				SUPPORTS_MACCATALYST = NO;
				SUPPORTS_MAC_DESIGNED_FOR_IPHONE_IPAD = NO;
				SUPPORTS_XR_DESIGNED_FOR_IPHONE_IPAD = NO;
				SWIFT_EMIT_LOC_STRINGS = YES;
				SWIFT_VERSION = 5.0;
				TARGETED_DEVICE_FAMILY = 1;
			};
			name = Release;
		};
/* End XCBuildConfiguration section */

/* Begin XCConfigurationList section */
		D673F1EE2A8FE6D7006AE8B6 /* Build configuration list for PBXProject "ColorizingApp" */ = {
			isa = XCConfigurationList;
			buildConfigurations = (
				D673F2052A8FE6D9006AE8B6 /* Debug */,
				D673F2062A8FE6D9006AE8B6 /* Release */,
			);
			defaultConfigurationIsVisible = 0;
			defaultConfigurationName = Release;
		};
		D673F2072A8FE6D9006AE8B6 /* Build configuration list for PBXNativeTarget "ColorizingApp" */ = {
			isa = XCConfigurationList;
			buildConfigurations = (
				D673F2082A8FE6D9006AE8B6 /* Debug */,
				D673F2092A8FE6D9006AE8B6 /* Release */,
			);
			defaultConfigurationIsVisible = 0;
			defaultConfigurationName = Release;
		};
/* End XCConfigurationList section */
	};
	rootObject = D673F1EB2A8FE6D7006AE8B6 /* Project object */;
}
